
Microsoft Visual Studio Solution File, Format Version 11.00
# Visual Studio 2010
Project("{FAE04EC0-301F-11D3-BF4B-00C04F79EFBC}") = "SimpleWayUp", "Assembly-CSharp.csproj", "{B45DEEDA-4C6C-FF89-969C-0DE10F738900}"
EndProject
Project("{FAE04EC0-301F-11D3-BF4B-00C04F79EFBC}") = "SimpleWayUp", "Assembly-CSharp-Editor.csproj", "{361BAD81-93B5-9938-32A9-5E7770A31DE1}"
EndProject
Global
	GlobalSection(SolutionConfigurationPlatforms) = preSolution
		Debug|Any CPU = Debug|Any CPU
		Release|Any CPU = Release|Any CPU
	EndGlobalSection
	GlobalSection(ProjectConfigurationPlatforms) = postSolution
		{B45DEEDA-4C6C-FF89-969C-0DE10F738900}.Debug|Any CPU.ActiveCfg = Debug|Any CPU
		{B45DEEDA-4C6C-FF89-969C-0DE10F738900}.Debug|Any CPU.Build.0 = Debug|Any CPU
		{B45DEEDA-4C6C-FF89-969C-0DE10F738900}.Release|Any CPU.ActiveCfg = Release|Any CPU
		{B45DEEDA-4C6C-FF89-969C-0DE10F738900}.Release|Any CPU.Build.0 = Release|Any CPU
		{361BAD81-93B5-9938-32A9-5E7770A31DE1}.Debug|Any CPU.ActiveCfg = Debug|Any CPU
		{361BAD81-93B5-9938-32A9-5E7770A31DE1}.Debug|Any CPU.Build.0 = Debug|Any CPU
		{361BAD81-93B5-9938-32A9-5E7770A31DE1}.Release|Any CPU.ActiveCfg = Release|Any CPU
		{361BAD81-93B5-9938-32A9-5E7770A31DE1}.Release|Any CPU.Build.0 = Release|Any CPU
	EndGlobalSection
	GlobalSection(SolutionProperties) = preSolution
		HideSolutionNode = FALSE
	EndGlobalSection
	GlobalSection(MonoDevelopProperties) = preSolution
		StartupItem = Assembly-CSharp.csproj
	EndGlobalSection
EndGlobal
